<?xml version="1.0" encoding="utf-8"?>
<Project ToolsVersion="4.0" xmlns="http://schemas.microsoft.com/developer/msbuild/2003">
  <ItemGroup>
    <Filter Include="Source Files">
      <UniqueIdentifier>{4FC737F1-C7A5-4376-A066-2A32D752A2FF}</UniqueIdentifier>
      <Extensions>cpp;c;cc;cxx;def;odl;idl;hpj;bat;asm;asmx</Extensions>
    </Filter>
    <Filter Include="Header Files">
      <UniqueIdentifier>{93995380-89BD-4b04-88EB-625FBE52EBFB}</UniqueIdentifier>
      <Extensions>h;hh;hpp;hxx;hm;inl;inc;xsd</Extensions>
    </Filter>
    <Filter Include="Resource Files">
      <UniqueIdentifier>{67DA6AB6-F800-4c08-8B7A-83BB121AAD01}</UniqueIdentifier>
      <Extensions>rc;ico;cur;bmp;dlg;rc2;rct;bin;rgs;gif;jpg;jpeg;jpe;resx;tiff;tif;png;wav;mfcribbon-ms</Extensions>
    </Filter>
    <Filter Include="Source Files\email">
      <UniqueIdentifier>{a2519fa5-a91e-41c1-a86a-9a39bd2ec772}</UniqueIdentifier>
    </Filter>
    <Filter Include="Header Files\email">
      <UniqueIdentifier>{597a34be-980f-45b6-bf94-28da9e181ffc}</UniqueIdentifier>
    </Filter>
  </ItemGroup>
  <ItemGroup>
    <ClCompile Include="..\src\eBirdDataProcessor.cpp">
      <Filter>Source Files</Filter>
    </ClCompile>
    <ClCompile Include="..\src\eBirdDataProcessorApp.cpp">
      <Filter>Source Files</Filter>
    </ClCompile>
    <ClCompile Include="..\src\eBirdInterface.cpp">
      <Filter>Source Files</Filter>
    </ClCompile>
    <ClCompile Include="..\src\email\cJSON.cpp">
      <Filter>Source Files\email</Filter>
    </ClCompile>
    <ClCompile Include="..\src\email\jsonInterface.cpp">
      <Filter>Source Files\email</Filter>
    </ClCompile>
    <ClCompile Include="..\src\email\oAuth2Interface.cpp">
      <Filter>Source Files\email</Filter>
    </ClCompile>
  </ItemGroup>
  <ItemGroup>
    <ClInclude Include="..\src\eBirdDataProcessor.h">
      <Filter>Header Files</Filter>
    </ClInclude>
    <ClInclude Include="..\src\eBirdDataProcessorApp.h">
      <Filter>Header Files</Filter>
    </ClInclude>
    <ClInclude Include="..\src\eBirdInterface.h">
      <Filter>Header Files</Filter>
    </ClInclude>
    <ClInclude Include="..\src\email\cJSON.h">
      <Filter>Header Files\email</Filter>
    </ClInclude>
    <ClInclude Include="..\src\email\jsonInterface.h">
      <Filter>Header Files\email</Filter>
    </ClInclude>
    <ClInclude Include="..\src\email\oAuth2Interface.h">
      <Filter>Header Files\email</Filter>
    </ClInclude>
  </ItemGroup>
</Project>