<?xml version="1.0" encoding="utf-8"?>
<Project ToolsVersion="4.0" xmlns="http://schemas.microsoft.com/developer/msbuild/2003">
  <ItemGroup>
    <Filter Include="Source Files">
      <UniqueIdentifier>{4FC737F1-C7A5-4376-A066-2A32D752A2FF}</UniqueIdentifier>
      <Extensions>cpp;c;cc;cxx;def;odl;idl;hpj;bat;asm;asmx</Extensions>
    </Filter>
    <Filter Include="Header Files">
      <UniqueIdentifier>{93995380-89BD-4b04-88EB-625FBE52EBFB}</UniqueIdentifier>
      <Extensions>h;hh;hpp;hxx;hm;inl;inc;xsd</Extensions>
    </Filter>
    <Filter Include="Resource Files">
      <UniqueIdentifier>{67DA6AB6-F800-4c08-8B7A-83BB121AAD01}</UniqueIdentifier>
      <Extensions>rc;ico;cur;bmp;dlg;rc2;rct;bin;rgs;gif;jpg;jpeg;jpe;resx;tiff;tif;png;wav;mfcribbon-ms</Extensions>
    </Filter>
    <Filter Include="Source Files\email">
      <UniqueIdentifier>{a2519fa5-a91e-41c1-a86a-9a39bd2ec772}</UniqueIdentifier>
    </Filter>
    <Filter Include="Header Files\email">
      <UniqueIdentifier>{597a34be-980f-45b6-bf94-28da9e181ffc}</UniqueIdentifier>
    </Filter>
    <Filter Include="Source Files\utilities">
      <UniqueIdentifier>{b3a7ebd8-878c-4aec-a11f-a7a241b1f238}</UniqueIdentifier>
    </Filter>
    <Filter Include="Header Files\utilities">
      <UniqueIdentifier>{f618638e-de84-4916-b574-9b3d37952a61}</UniqueIdentifier>
    </Filter>
    <Filter Include="Header Files\email\cJSON">
      <UniqueIdentifier>{62bee263-559c-4d8a-ad0e-e2fcdd482b85}</UniqueIdentifier>
    </Filter>
    <Filter Include="Source Files\email\cJSON">
      <UniqueIdentifier>{d9c17349-85f1-4618-a153-de8b23077f12}</UniqueIdentifier>
    </Filter>
    <Filter Include="Header Files\logging">
      <UniqueIdentifier>{44f3e35e-7bc2-4a3d-9c53-bd95366687d5}</UniqueIdentifier>
    </Filter>
  </ItemGroup>
  <ItemGroup>
    <ClCompile Include="..\src\eBirdDataProcessor.cpp">
      <Filter>Source Files</Filter>
    </ClCompile>
    <ClCompile Include="..\src\eBirdDataProcessorApp.cpp">
      <Filter>Source Files</Filter>
    </ClCompile>
    <ClCompile Include="..\src\eBirdInterface.cpp">
      <Filter>Source Files</Filter>
    </ClCompile>
    <ClCompile Include="..\src\email\jsonInterface.cpp">
      <Filter>Source Files\email</Filter>
    </ClCompile>
    <ClCompile Include="..\src\email\oAuth2Interface.cpp">
      <Filter>Source Files\email</Filter>
    </ClCompile>
    <ClCompile Include="..\src\googleMapsInterface.cpp">
      <Filter>Source Files</Filter>
    </ClCompile>
    <ClCompile Include="..\src\utilities\configFile.cpp">
      <Filter>Source Files\utilities</Filter>
    </ClCompile>
    <ClCompile Include="..\src\ebdpConfigFile.cpp">
      <Filter>Source Files</Filter>
    </ClCompile>
    <ClCompile Include="..\src\email\cJSON\cJSON.c">
      <Filter>Source Files\email\cJSON</Filter>
    </ClCompile>
    <ClCompile Include="..\src\email\curlUtilities.cpp">
      <Filter>Source Files\email</Filter>
    </ClCompile>
    <ClCompile Include="..\src\bestObservationTimeEstimator.cpp">
      <Filter>Source Files</Filter>
    </ClCompile>
    <ClCompile Include="..\src\kernelDensityEstimation.cpp">
      <Filter>Source Files</Filter>
    </ClCompile>
    <ClCompile Include="..\src\mapPageGenerator.cpp">
      <Filter>Source Files</Filter>
    </ClCompile>
    <ClCompile Include="..\src\googleFusionTablesInterface.cpp">
      <Filter>Source Files</Filter>
    </ClCompile>
    <ClCompile Include="..\src\throttledSection.cpp">
      <Filter>Source Files</Filter>
    </ClCompile>
    <ClCompile Include="..\src\threadPool.cpp">
      <Filter>Source Files</Filter>
    </ClCompile>
    <ClCompile Include="..\src\utilities\uString.cpp">
      <Filter>Source Files\utilities</Filter>
    </ClCompile>
    <ClCompile Include="..\src\stringUtilities.cpp">
      <Filter>Source Files</Filter>
    </ClCompile>
    <ClCompile Include="..\src\zipper.cpp">
      <Filter>Source Files</Filter>
    </ClCompile>
    <ClCompile Include="..\src\globalKMLFetcher.cpp">
      <Filter>Source Files</Filter>
    </ClCompile>
    <ClCompile Include="..\src\kmlLibraryManager.cpp">
      <Filter>Source Files</Filter>
    </ClCompile>
    <ClCompile Include="..\src\utilities\mutexUtilities.cpp">
      <Filter>Source Files\utilities</Filter>
    </ClCompile>
    <ClCompile Include="..\src\eBirdDatasetInterface.cpp">
      <Filter>Source Files</Filter>
    </ClCompile>
    <ClCompile Include="..\src\frequencyFileReader.cpp">
      <Filter>Source Files</Filter>
    </ClCompile>
    <ClCompile Include="..\src\utilities.cpp">
      <Filter>Source Files</Filter>
    </ClCompile>
    <ClCompile Include="..\src\utilities\cppSocket.cpp">
      <Filter>Source Files\utilities</Filter>
    </ClCompile>
    <ClCompile Include="..\src\utilities\memoryMappedFile.cpp">
      <Filter>Source Files\utilities</Filter>
    </ClCompile>
  </ItemGroup>
  <ItemGroup>
    <ClInclude Include="..\src\eBirdDataProcessor.h">
      <Filter>Header Files</Filter>
    </ClInclude>
    <ClInclude Include="..\src\eBirdDataProcessorApp.h">
      <Filter>Header Files</Filter>
    </ClInclude>
    <ClInclude Include="..\src\eBirdInterface.h">
      <Filter>Header Files</Filter>
    </ClInclude>
    <ClInclude Include="..\src\email\jsonInterface.h">
      <Filter>Header Files\email</Filter>
    </ClInclude>
    <ClInclude Include="..\src\email\oAuth2Interface.h">
      <Filter>Header Files\email</Filter>
    </ClInclude>
    <ClInclude Include="..\src\googleMapsInterface.h">
      <Filter>Header Files</Filter>
    </ClInclude>
    <ClInclude Include="..\src\utilities\configFile.h">
      <Filter>Header Files\utilities</Filter>
    </ClInclude>
    <ClInclude Include="..\src\ebdpConfig.h">
      <Filter>Header Files</Filter>
    </ClInclude>
    <ClInclude Include="..\src\ebdpConfigFile.h">
      <Filter>Header Files</Filter>
    </ClInclude>
    <ClInclude Include="..\src\email\cJSON\cJSON.h">
      <Filter>Header Files\email\cJSON</Filter>
    </ClInclude>
    <ClInclude Include="..\src\email\curlUtilities.h">
      <Filter>Header Files\email</Filter>
    </ClInclude>
    <ClInclude Include="..\src\bestObservationTimeEstimator.h">
      <Filter>Header Files</Filter>
    </ClInclude>
    <ClInclude Include="..\src\kernelDensityEstimation.h">
      <Filter>Header Files</Filter>
    </ClInclude>
    <ClInclude Include="..\src\mapPageGenerator.h">
      <Filter>Header Files</Filter>
    </ClInclude>
    <ClInclude Include="..\src\googleFusionTablesInterface.h">
      <Filter>Header Files</Filter>
    </ClInclude>
    <ClInclude Include="..\src\threadPool.h">
      <Filter>Header Files</Filter>
    </ClInclude>
    <ClInclude Include="..\src\throttledSection.h">
      <Filter>Header Files</Filter>
    </ClInclude>
    <ClInclude Include="..\src\utilities\uString.h">
      <Filter>Header Files\utilities</Filter>
    </ClInclude>
    <ClInclude Include="..\src\stringUtilities.h">
      <Filter>Header Files</Filter>
    </ClInclude>
    <ClInclude Include="..\src\globalKMLFetcher.h">
      <Filter>Header Files</Filter>
    </ClInclude>
    <ClInclude Include="..\src\zipper.h">
      <Filter>Header Files</Filter>
    </ClInclude>
    <ClInclude Include="..\src\kmlLibraryManager.h">
      <Filter>Header Files</Filter>
    </ClInclude>
    <ClInclude Include="..\src\utilities\mutexUtilities.h">
      <Filter>Header Files\utilities</Filter>
    </ClInclude>
    <ClInclude Include="..\src\eBirdDatasetInterface.h">
      <Filter>Header Files</Filter>
    </ClInclude>
    <ClInclude Include="..\src\frequencyFileReader.h">
      <Filter>Header Files</Filter>
    </ClInclude>
    <ClInclude Include="..\src\utilities.h">
      <Filter>Header Files</Filter>
    </ClInclude>
    <ClInclude Include="..\src\logging\combinedLogger.h">
      <Filter>Header Files\logging</Filter>
    </ClInclude>
    <ClInclude Include="..\src\utilities\cppSocket.h">
      <Filter>Header Files\utilities</Filter>
    </ClInclude>
    <ClInclude Include="..\src\utilities\memoryMappedFile.h">
      <Filter>Header Files\utilities</Filter>
    </ClInclude>
  </ItemGroup>
</Project>